schema: '2.0'
stages:
  features:
    cmd: python src/feature_selection.py
    deps:
    - path: data/raw/train.csv
      hash: md5
      md5: 2309cc5f04782ed9bb6016d9f4e381cf
      size: 61194
    - path: src/feature_selection.py
      hash: md5
      md5: 3d916ea43343619dfafda498ff3b0cf9
      size: 216
    outs:
    - path: data/features/train.csv
      hash: md5
      md5: 349ba575bf5ead8e74f77c1855e36ac6
      size: 21394
  prepared:
    cmd: python src/prepare.py
    deps:
    - path: data/features/train.csv
      hash: md5
      md5: 349ba575bf5ead8e74f77c1855e36ac6
      size: 21394
    - path: src/prepare.py
      hash: md5
      md5: 4d19490bea56ae0ecfbc6127b3885d59
      size: 567
    outs:
    - path: data/prepared/train.csv
      hash: md5
      md5: 106cfb26f8a6f62796f437d437683c65
      size: 24559
  train_model:
    cmd: python src/train_model.py
    deps:
    - path: data/prepared/train.csv
      hash: md5
      md5: 106cfb26f8a6f62796f437d437683c65
      size: 24559
    - path: src/train_model.py
      hash: md5
      md5: 886a600b48c18295bdd3ccad051f4616
      size: 755
    outs:
    - path: model/model.pkl
      hash: md5
      md5: af9b2b99bf75c386310ad4597e6c1e58
      size: 394262
